
Microsoft Visual Studio Solution File, Format Version 12.00
# Visual Studio Version 17
VisualStudioVersion = 17.8.34322.80
MinimumVisualStudioVersion = 10.0.40219.1
Project("{2150E333-8FDC-42A3-9474-1A3956D46DE8}") = "src", "src", "{CD454289-A859-4E9D-8793-4C2AB6F32DBB}"
EndProject
Project("{2150E333-8FDC-42A3-9474-1A3956D46DE8}") = "corePackages", "corePackages", "{E633F7EB-B4E2-4BDC-A503-C6769AE7526B}"
EndProject
Project("{2150E333-8FDC-42A3-9474-1A3956D46DE8}") = "blogProject", "blogProject", "{B1750126-58D6-4D3F-AE14-6EB572F28E24}"
EndProject
Project("{9A19103F-16F7-4668-BE54-9A1E7A4F7556}") = "Core.Persistence", "src\corePackages\Core.Persistence\Core.Persistence.csproj", "{9CB6248E-ADF8-4690-8AC6-719C0854BD6B}"
EndProject
Project("{9A19103F-16F7-4668-BE54-9A1E7A4F7556}") = "Core.CrossCuttingConcerns", "src\corePackages\Core.CrossCuttingConcerns\Core.CrossCuttingConcerns.csproj", "{CF7B009E-9B8A-4EAB-A72C-792B5E66F327}"
EndProject
Project("{9A19103F-16F7-4668-BE54-9A1E7A4F7556}") = "Core.Security", "src\corePackages\Core.Security\Core.Security.csproj", "{DCF4956F-C2F4-49F5-A91F-A5130AC4C354}"
EndProject
Project("{9A19103F-16F7-4668-BE54-9A1E7A4F7556}") = "Core.Mailing", "src\corePackages\Core.Mailing\Core.Mailing.csproj", "{6AE349C2-00BF-418C-9B78-EC810DEE0DA7}"
EndProject
Project("{9A19103F-16F7-4668-BE54-9A1E7A4F7556}") = "Core.Application", "src\corePackages\Core.Application\Core.Application.csproj", "{C9C12C8A-B678-43F5-BCB0-C7D27774CC77}"
EndProject
Project("{FAE04EC0-301F-11D3-BF4B-00C04F79EFBC}") = "Core.ElasticSearch", "src\corePackages\Core.ElasticSearch\Core.ElasticSearch.csproj", "{4F78AFD7-31E2-4190-8FE9-6CAF962CA2F3}"
EndProject
Project("{FAE04EC0-301F-11D3-BF4B-00C04F79EFBC}") = "Core.Test", "src\corePackages\Core.Test\Core.Test.csproj", "{2B8A6313-8E13-4674-B88F-FD16CAEF4444}"
EndProject
Project("{FAE04EC0-301F-11D3-BF4B-00C04F79EFBC}") = "Application", "src\blogProject\Application\Application.csproj", "{27FE4128-73F4-4E89-8FBC-74D404F194D0}"
EndProject
Project("{FAE04EC0-301F-11D3-BF4B-00C04F79EFBC}") = "Domain", "src\blogProject\Domain\Domain.csproj", "{84C46C8D-1CF8-467A-98E9-77F1E78A3B21}"
EndProject
Project("{FAE04EC0-301F-11D3-BF4B-00C04F79EFBC}") = "Infrastructure", "src\blogProject\Infrastructure\Infrastructure.csproj", "{B4F565E8-1529-4CB9-94CB-AFD18958FDBD}"
EndProject
Project("{FAE04EC0-301F-11D3-BF4B-00C04F79EFBC}") = "Persistence", "src\blogProject\Persistence\Persistence.csproj", "{859C5E31-1CA4-4BD2-B43B-A1AFF1BB70EA}"
EndProject
Project("{FAE04EC0-301F-11D3-BF4B-00C04F79EFBC}") = "WebAPI", "src\blogProject\WebAPI\WebAPI.csproj", "{6AB604F7-1587-46DA-AA3F-7D2F03E5F615}"
EndProject
Global
	GlobalSection(SolutionConfigurationPlatforms) = preSolution
		Debug|Any CPU = Debug|Any CPU
		Release|Any CPU = Release|Any CPU
	EndGlobalSection
	GlobalSection(ProjectConfigurationPlatforms) = postSolution
		{9CB6248E-ADF8-4690-8AC6-719C0854BD6B}.Debug|Any CPU.ActiveCfg = Debug|Any CPU
		{9CB6248E-ADF8-4690-8AC6-719C0854BD6B}.Debug|Any CPU.Build.0 = Debug|Any CPU
		{9CB6248E-ADF8-4690-8AC6-719C0854BD6B}.Release|Any CPU.ActiveCfg = Release|Any CPU
		{9CB6248E-ADF8-4690-8AC6-719C0854BD6B}.Release|Any CPU.Build.0 = Release|Any CPU
		{CF7B009E-9B8A-4EAB-A72C-792B5E66F327}.Debug|Any CPU.ActiveCfg = Debug|Any CPU
		{CF7B009E-9B8A-4EAB-A72C-792B5E66F327}.Debug|Any CPU.Build.0 = Debug|Any CPU
		{CF7B009E-9B8A-4EAB-A72C-792B5E66F327}.Release|Any CPU.ActiveCfg = Release|Any CPU
		{CF7B009E-9B8A-4EAB-A72C-792B5E66F327}.Release|Any CPU.Build.0 = Release|Any CPU
		{DCF4956F-C2F4-49F5-A91F-A5130AC4C354}.Debug|Any CPU.ActiveCfg = Debug|Any CPU
		{DCF4956F-C2F4-49F5-A91F-A5130AC4C354}.Debug|Any CPU.Build.0 = Debug|Any CPU
		{DCF4956F-C2F4-49F5-A91F-A5130AC4C354}.Release|Any CPU.ActiveCfg = Release|Any CPU
		{DCF4956F-C2F4-49F5-A91F-A5130AC4C354}.Release|Any CPU.Build.0 = Release|Any CPU
		{6AE349C2-00BF-418C-9B78-EC810DEE0DA7}.Debug|Any CPU.ActiveCfg = Debug|Any CPU
		{6AE349C2-00BF-418C-9B78-EC810DEE0DA7}.Debug|Any CPU.Build.0 = Debug|Any CPU
		{6AE349C2-00BF-418C-9B78-EC810DEE0DA7}.Release|Any CPU.ActiveCfg = Release|Any CPU
		{6AE349C2-00BF-418C-9B78-EC810DEE0DA7}.Release|Any CPU.Build.0 = Release|Any CPU
		{C9C12C8A-B678-43F5-BCB0-C7D27774CC77}.Debug|Any CPU.ActiveCfg = Debug|Any CPU
		{C9C12C8A-B678-43F5-BCB0-C7D27774CC77}.Debug|Any CPU.Build.0 = Debug|Any CPU
		{C9C12C8A-B678-43F5-BCB0-C7D27774CC77}.Release|Any CPU.ActiveCfg = Release|Any CPU
		{C9C12C8A-B678-43F5-BCB0-C7D27774CC77}.Release|Any CPU.Build.0 = Release|Any CPU
		{4F78AFD7-31E2-4190-8FE9-6CAF962CA2F3}.Debug|Any CPU.ActiveCfg = Debug|Any CPU
		{4F78AFD7-31E2-4190-8FE9-6CAF962CA2F3}.Debug|Any CPU.Build.0 = Debug|Any CPU
		{4F78AFD7-31E2-4190-8FE9-6CAF962CA2F3}.Release|Any CPU.ActiveCfg = Release|Any CPU
		{4F78AFD7-31E2-4190-8FE9-6CAF962CA2F3}.Release|Any CPU.Build.0 = Release|Any CPU
		{2B8A6313-8E13-4674-B88F-FD16CAEF4444}.Debug|Any CPU.ActiveCfg = Debug|Any CPU
		{2B8A6313-8E13-4674-B88F-FD16CAEF4444}.Debug|Any CPU.Build.0 = Debug|Any CPU
		{2B8A6313-8E13-4674-B88F-FD16CAEF4444}.Release|Any CPU.ActiveCfg = Release|Any CPU
		{2B8A6313-8E13-4674-B88F-FD16CAEF4444}.Release|Any CPU.Build.0 = Release|Any CPU
		{27FE4128-73F4-4E89-8FBC-74D404F194D0}.Debug|Any CPU.ActiveCfg = Debug|Any CPU
		{27FE4128-73F4-4E89-8FBC-74D404F194D0}.Debug|Any CPU.Build.0 = Debug|Any CPU
		{27FE4128-73F4-4E89-8FBC-74D404F194D0}.Release|Any CPU.ActiveCfg = Release|Any CPU
		{27FE4128-73F4-4E89-8FBC-74D404F194D0}.Release|Any CPU.Build.0 = Release|Any CPU
		{84C46C8D-1CF8-467A-98E9-77F1E78A3B21}.Debug|Any CPU.ActiveCfg = Debug|Any CPU
		{84C46C8D-1CF8-467A-98E9-77F1E78A3B21}.Debug|Any CPU.Build.0 = Debug|Any CPU
		{84C46C8D-1CF8-467A-98E9-77F1E78A3B21}.Release|Any CPU.ActiveCfg = Release|Any CPU
		{84C46C8D-1CF8-467A-98E9-77F1E78A3B21}.Release|Any CPU.Build.0 = Release|Any CPU
		{B4F565E8-1529-4CB9-94CB-AFD18958FDBD}.Debug|Any CPU.ActiveCfg = Debug|Any CPU
		{B4F565E8-1529-4CB9-94CB-AFD18958FDBD}.Debug|Any CPU.Build.0 = Debug|Any CPU
		{B4F565E8-1529-4CB9-94CB-AFD18958FDBD}.Release|Any CPU.ActiveCfg = Release|Any CPU
		{B4F565E8-1529-4CB9-94CB-AFD18958FDBD}.Release|Any CPU.Build.0 = Release|Any CPU
		{859C5E31-1CA4-4BD2-B43B-A1AFF1BB70EA}.Debug|Any CPU.ActiveCfg = Debug|Any CPU
		{859C5E31-1CA4-4BD2-B43B-A1AFF1BB70EA}.Debug|Any CPU.Build.0 = Debug|Any CPU
		{859C5E31-1CA4-4BD2-B43B-A1AFF1BB70EA}.Release|Any CPU.ActiveCfg = Release|Any CPU
		{859C5E31-1CA4-4BD2-B43B-A1AFF1BB70EA}.Release|Any CPU.Build.0 = Release|Any CPU
		{6AB604F7-1587-46DA-AA3F-7D2F03E5F615}.Debug|Any CPU.ActiveCfg = Debug|Any CPU
		{6AB604F7-1587-46DA-AA3F-7D2F03E5F615}.Debug|Any CPU.Build.0 = Debug|Any CPU
		{6AB604F7-1587-46DA-AA3F-7D2F03E5F615}.Release|Any CPU.ActiveCfg = Release|Any CPU
		{6AB604F7-1587-46DA-AA3F-7D2F03E5F615}.Release|Any CPU.Build.0 = Release|Any CPU
	EndGlobalSection
	GlobalSection(SolutionProperties) = preSolution
		HideSolutionNode = FALSE
	EndGlobalSection
	GlobalSection(NestedProjects) = preSolution
		{E633F7EB-B4E2-4BDC-A503-C6769AE7526B} = {CD454289-A859-4E9D-8793-4C2AB6F32DBB}
		{B1750126-58D6-4D3F-AE14-6EB572F28E24} = {CD454289-A859-4E9D-8793-4C2AB6F32DBB}
		{9CB6248E-ADF8-4690-8AC6-719C0854BD6B} = {E633F7EB-B4E2-4BDC-A503-C6769AE7526B}
		{CF7B009E-9B8A-4EAB-A72C-792B5E66F327} = {E633F7EB-B4E2-4BDC-A503-C6769AE7526B}
		{DCF4956F-C2F4-49F5-A91F-A5130AC4C354} = {E633F7EB-B4E2-4BDC-A503-C6769AE7526B}
		{6AE349C2-00BF-418C-9B78-EC810DEE0DA7} = {E633F7EB-B4E2-4BDC-A503-C6769AE7526B}
		{C9C12C8A-B678-43F5-BCB0-C7D27774CC77} = {E633F7EB-B4E2-4BDC-A503-C6769AE7526B}
		{4F78AFD7-31E2-4190-8FE9-6CAF962CA2F3} = {E633F7EB-B4E2-4BDC-A503-C6769AE7526B}
		{2B8A6313-8E13-4674-B88F-FD16CAEF4444} = {E633F7EB-B4E2-4BDC-A503-C6769AE7526B}
		{27FE4128-73F4-4E89-8FBC-74D404F194D0} = {B1750126-58D6-4D3F-AE14-6EB572F28E24}
		{84C46C8D-1CF8-467A-98E9-77F1E78A3B21} = {B1750126-58D6-4D3F-AE14-6EB572F28E24}
		{B4F565E8-1529-4CB9-94CB-AFD18958FDBD} = {B1750126-58D6-4D3F-AE14-6EB572F28E24}
		{859C5E31-1CA4-4BD2-B43B-A1AFF1BB70EA} = {B1750126-58D6-4D3F-AE14-6EB572F28E24}
		{6AB604F7-1587-46DA-AA3F-7D2F03E5F615} = {B1750126-58D6-4D3F-AE14-6EB572F28E24}
	EndGlobalSection
	GlobalSection(ExtensibilityGlobals) = postSolution
		SolutionGuid = {4A83F68A-5189-449B-9F15-808095BE379D}
	EndGlobalSection
EndGlobal
